{
  "name": "loopback-graphql-server",
  "version": "1.0.1",
  "lockfileVersion": 1,
  "requires": true,
  "dependencies": {
    "@types/graphql": {
      "version": "https://registry.npmjs.org/@types/graphql/-/graphql-0.9.4.tgz",
      "integrity": "sha1-zetry++bbFhDdLgap/SOzz2kBPo="
    },
    "apollo-server-core": {
      "version": "https://registry.npmjs.org/apollo-server-core/-/apollo-server-core-1.1.0.tgz",
      "integrity": "sha1-dMO/Q5ThTq56tgsdmZo8W4qpTpo=",
      "requires": {
        "apollo-tracing": "https://registry.npmjs.org/apollo-tracing/-/apollo-tracing-0.0.7.tgz"
      }
    },
    "apollo-server-express": {
      "version": "https://registry.npmjs.org/apollo-server-express/-/apollo-server-express-1.1.2.tgz",
      "integrity": "sha1-aTPHf+XfuafzDdOTI5rZlTphPNk=",
      "requires": {
        "apollo-server-core": "https://registry.npmjs.org/apollo-server-core/-/apollo-server-core-1.1.0.tgz",
        "apollo-server-module-graphiql": "https://registry.npmjs.org/apollo-server-module-graphiql/-/apollo-server-module-graphiql-1.1.2.tgz"
      }
    },
    "apollo-server-module-graphiql": {
      "version": "https://registry.npmjs.org/apollo-server-module-graphiql/-/apollo-server-module-graphiql-1.1.2.tgz",
      "integrity": "sha1-SaFUz4DphKywgr0AlhdbVh4b+8w="
    },
    "apollo-tracing": {
      "version": "https://registry.npmjs.org/apollo-tracing/-/apollo-tracing-0.0.7.tgz",
      "integrity": "sha1-eEZs/v21KggCpXtIjSahpnolkJ8=",
      "requires": {
        "graphql-tools": "https://registry.npmjs.org/graphql-tools/-/graphql-tools-1.2.2.tgz"
      }
    },
    "asap": {
      "version": "https://registry.npmjs.org/asap/-/asap-2.0.6.tgz",
      "integrity": "sha1-5QNHYR1+aQlDIIu9r+vLwvuGbUY="
    },
    "assert-err": {
      "version": "https://registry.npmjs.org/assert-err/-/assert-err-1.1.0.tgz",
      "integrity": "sha1-wFBieZodl9P16qJY4yQqq0mfyO8=",
      "requires": {
        "escape-string-regexp": "https://registry.npmjs.org/escape-string-regexp/-/escape-string-regexp-1.0.5.tgz",
        "object-assign": "https://registry.npmjs.org/object-assign/-/object-assign-4.1.1.tgz"
      }
    },
    "async": {
      "version": "https://registry.npmjs.org/async/-/async-2.5.0.tgz",
      "integrity": "sha1-hDGQ/WtzV6C54clW7d3V7IRitU0=",
      "requires": {
        "lodash": "https://registry.npmjs.org/lodash/-/lodash-4.17.4.tgz"
      }
    },
    "backo2": {
      "version": "https://registry.npmjs.org/backo2/-/backo2-1.0.2.tgz",
      "integrity": "sha1-MasayLEpNjRj41s+u2n038+6eUc="
    },
    "body-parser": {
      "version": "https://registry.npmjs.org/body-parser/-/body-parser-1.18.0.tgz",
      "integrity": "sha1-07Ik1Gf6LOjUNYnAJFBDJnwJNjQ=",
      "requires": {
        "bytes": "https://registry.npmjs.org/bytes/-/bytes-3.0.0.tgz",
        "content-type": "https://registry.npmjs.org/content-type/-/content-type-1.0.2.tgz",
        "debug": "https://registry.npmjs.org/debug/-/debug-2.6.8.tgz",
        "depd": "https://registry.npmjs.org/depd/-/depd-1.1.1.tgz",
        "http-errors": "https://registry.npmjs.org/http-errors/-/http-errors-1.6.2.tgz",
        "iconv-lite": "https://registry.npmjs.org/iconv-lite/-/iconv-lite-0.4.18.tgz",
        "on-finished": "https://registry.npmjs.org/on-finished/-/on-finished-2.3.0.tgz",
        "qs": "https://registry.npmjs.org/qs/-/qs-6.5.0.tgz",
        "raw-body": "https://registry.npmjs.org/raw-body/-/raw-body-2.3.1.tgz",
        "type-is": "https://registry.npmjs.org/type-is/-/type-is-1.6.15.tgz"
      }
    },
    "bytes": {
      "version": "https://registry.npmjs.org/bytes/-/bytes-3.0.0.tgz",
      "integrity": "sha1-0ygVQE1olpn4Wk6k+odV3ROpYEg="
    },
    "content-type": {
      "version": "https://registry.npmjs.org/content-type/-/content-type-1.0.2.tgz",
      "integrity": "sha1-t9ETrueo3Se9IRM8TcJSnfFyHu0="
    },
    "debug": {
      "version": "https://registry.npmjs.org/debug/-/debug-2.6.8.tgz",
      "integrity": "sha1-5zFTHKLt4n0YgiJCfaF4IdaP9Pw=",
      "requires": {
        "ms": "https://registry.npmjs.org/ms/-/ms-2.0.0.tgz"
      }
    },
    "depd": {
      "version": "https://registry.npmjs.org/depd/-/depd-1.1.1.tgz",
      "integrity": "sha1-V4O04cRZ8G+lyif5kfPQbnoxA1k="
    },
    "deprecated-decorator": {
      "version": "https://registry.npmjs.org/deprecated-decorator/-/deprecated-decorator-0.1.6.tgz",
      "integrity": "sha1-AJZjF7ehL+kvPMgx91g68ym4bDc="
    },
    "duplexer": {
      "version": "https://registry.npmjs.org/duplexer/-/duplexer-0.1.1.tgz",
      "integrity": "sha1-rOb/gIwc5mtX0ev5eXessCM0z8E="
    },
    "ee-first": {
      "version": "https://registry.npmjs.org/ee-first/-/ee-first-1.1.1.tgz",
      "integrity": "sha1-WQxhFWsK4vTwJVcyoViyZrxWsh0="
    },
    "es6-promise": {
      "version": "https://registry.npmjs.org/es6-promise/-/es6-promise-4.1.1.tgz",
      "integrity": "sha1-iBHpCRXZoNujYnTwskLb2nj5ySo="
    },
    "escape-string-regexp": {
      "version": "https://registry.npmjs.org/escape-string-regexp/-/escape-string-regexp-1.0.5.tgz",
      "integrity": "sha1-G2HAViGQqN/2rjuyzwIAyhMLhtQ="
    },
    "event-stream": {
      "version": "https://registry.npmjs.org/event-stream/-/event-stream-3.3.4.tgz",
      "integrity": "sha1-SrTJoPWlTbkzi0w02Gv86PSzVXE=",
      "requires": {
        "duplexer": "https://registry.npmjs.org/duplexer/-/duplexer-0.1.1.tgz",
        "from": "https://registry.npmjs.org/from/-/from-0.1.7.tgz",
        "map-stream": "https://registry.npmjs.org/map-stream/-/map-stream-0.1.0.tgz",
        "pause-stream": "https://registry.npmjs.org/pause-stream/-/pause-stream-0.0.11.tgz",
        "split": "https://registry.npmjs.org/split/-/split-0.3.3.tgz",
        "stream-combiner": "https://registry.npmjs.org/stream-combiner/-/stream-combiner-0.0.4.tgz",
        "through": "https://registry.npmjs.org/through/-/through-2.3.8.tgz"
      }
    },
    "eventemitter3": {
      "version": "https://registry.npmjs.org/eventemitter3/-/eventemitter3-2.0.3.tgz",
      "integrity": "sha1-teEHm1n7XhuidxwKmTvgYKWMmbo="
    },
    "from": {
      "version": "https://registry.npmjs.org/from/-/from-0.1.7.tgz",
      "integrity": "sha1-g8YK/Fi5xWmXAH7Rp2izqzA6RP4="
    },
    "graphql": {
      "version": "https://registry.npmjs.org/graphql/-/graphql-0.11.3.tgz",
      "integrity": "sha1-mTTi3yjxfTl6hfg8s50dF5v/70c=",
      "requires": {
        "iterall": "https://registry.npmjs.org/iterall/-/iterall-1.1.1.tgz"
      }
    },
    "graphql-date": {
      "version": "https://registry.npmjs.org/graphql-date/-/graphql-date-1.0.3.tgz",
      "integrity": "sha1-Mc4FrkDtjIzrBANkBgEJdx5xLpE=",
      "requires": {
        "assert-err": "https://registry.npmjs.org/assert-err/-/assert-err-1.1.0.tgz"
      }
    },
    "graphql-relay": {
      "version": "https://registry.npmjs.org/graphql-relay/-/graphql-relay-0.5.2.tgz",
      "integrity": "sha1-QP9xTv1gws2J4LzHnir6bYf6hnM="
    },
    "graphql-server-express": {
      "version": "https://registry.npmjs.org/graphql-server-express/-/graphql-server-express-1.1.2.tgz",
      "integrity": "sha1-boowamYWrHLHhQ76n9qcuimDYzU=",
      "requires": {
        "apollo-server-express": "https://registry.npmjs.org/apollo-server-express/-/apollo-server-express-1.1.2.tgz"
      }
    },
    "graphql-subscriptions": {
      "version": "https://registry.npmjs.org/graphql-subscriptions/-/graphql-subscriptions-0.4.4.tgz",
      "integrity": "sha1-Oc/zLQjdPJkBE4ZLq3cVRANyfps=",
      "requires": {
        "@types/graphql": "https://registry.npmjs.org/@types/graphql/-/graphql-0.9.4.tgz",
        "es6-promise": "https://registry.npmjs.org/es6-promise/-/es6-promise-4.1.1.tgz",
        "iterall": "https://registry.npmjs.org/iterall/-/iterall-1.1.1.tgz"
      }
    },
    "graphql-tag": {
      "version": "https://registry.npmjs.org/graphql-tag/-/graphql-tag-2.4.2.tgz",
      "integrity": "sha1-amMpfYUi0DorctJvGyOaqzQ4QM0="
    },
    "graphql-tools": {
      "version": "https://registry.npmjs.org/graphql-tools/-/graphql-tools-1.2.2.tgz",
      "integrity": "sha1-/3kekbeOBe7BijJxancyvHv1y00=",
      "requires": {
        "@types/graphql": "https://registry.npmjs.org/@types/graphql/-/graphql-0.9.4.tgz",
        "deprecated-decorator": "https://registry.npmjs.org/deprecated-decorator/-/deprecated-decorator-0.1.6.tgz",
        "uuid": "https://registry.npmjs.org/uuid/-/uuid-3.1.0.tgz"
      }
    },
    "graphql-type-json": {
      "version": "https://registry.npmjs.org/graphql-type-json/-/graphql-type-json-0.1.4.tgz",
      "integrity": "sha1-ifE/XTLOCMmnbHn9+cGWg4TYGk4="
    },
    "http-errors": {
      "version": "https://registry.npmjs.org/http-errors/-/http-errors-1.6.2.tgz",
      "integrity": "sha1-CgAsyFcHGSp+eUbO7cERVfYOxzY=",
      "requires": {
        "depd": "https://registry.npmjs.org/depd/-/depd-1.1.1.tgz",
        "inherits": "https://registry.npmjs.org/inherits/-/inherits-2.0.3.tgz",
        "setprototypeof": "https://registry.npmjs.org/setprototypeof/-/setprototypeof-1.0.3.tgz",
        "statuses": "https://registry.npmjs.org/statuses/-/statuses-1.3.1.tgz"
      }
    },
    "iconv-lite": {
      "version": "https://registry.npmjs.org/iconv-lite/-/iconv-lite-0.4.18.tgz",
      "integrity": "sha1-I9hlaxaq5nQqwpcy6o8DNqR4nPI="
    },
    "inherits": {
      "version": "https://registry.npmjs.org/inherits/-/inherits-2.0.3.tgz",
      "integrity": "sha1-Yzwsg+PaQqUC9SRmAiSA9CCCYd4="
    },
    "iterall": {
      "version": "https://registry.npmjs.org/iterall/-/iterall-1.1.1.tgz",
      "integrity": "sha1-9/CvEemgTsZCYmD1AZ2fzKTVAhQ="
    },
    "lodash": {
      "version": "https://registry.npmjs.org/lodash/-/lodash-4.17.4.tgz",
      "integrity": "sha1-eCA6TRwyiuHYbcpkYONptX9AVa4="
    },
    "lodash.assign": {
      "version": "https://registry.npmjs.org/lodash.assign/-/lodash.assign-4.2.0.tgz",
      "integrity": "sha1-DZnzzNem0mHRm9rrkkUAXShYCOc="
    },
    "lodash.isobject": {
      "version": "https://registry.npmjs.org/lodash.isobject/-/lodash.isobject-3.0.2.tgz",
      "integrity": "sha1-PI+41bW/S/kK4G4U8qUwpO2TXh0="
    },
    "lodash.isstring": {
      "version": "https://registry.npmjs.org/lodash.isstring/-/lodash.isstring-4.0.1.tgz",
      "integrity": "sha1-1SfftUVuynzJu5XV2ur4i6VKVFE="
    },
    "map-stream": {
      "version": "https://registry.npmjs.org/map-stream/-/map-stream-0.1.0.tgz",
      "integrity": "sha1-5WqpTEyAVaFkBKBnS3jyFffI4ZQ="
    },
    "media-typer": {
      "version": "https://registry.npmjs.org/media-typer/-/media-typer-0.3.0.tgz",
      "integrity": "sha1-hxDXrwqmJvj/+hzgAWhUUmMlV0g="
    },
    "mime-db": {
      "version": "https://registry.npmjs.org/mime-db/-/mime-db-1.30.0.tgz",
      "integrity": "sha1-dMZD2i3Z1qRTmZY0ZbJtXKfXHwE="
    },
    "mime-types": {
      "version": "https://registry.npmjs.org/mime-types/-/mime-types-2.1.17.tgz",
      "integrity": "sha1-Cdejk/A+mVp5+K+Fe3Cp4KsWVXo=",
      "requires": {
        "mime-db": "https://registry.npmjs.org/mime-db/-/mime-db-1.30.0.tgz"
      }
    },
    "ms": {
      "version": "https://registry.npmjs.org/ms/-/ms-2.0.0.tgz",
      "integrity": "sha1-VgiurfwAvmwpAd9fmGF4jeDVl8g="
    },
    "nodegit-promise": {
      "version": "https://registry.npmjs.org/nodegit-promise/-/nodegit-promise-4.0.0.tgz",
      "integrity": "sha1-VyKxhPLfcycWEGSnkdLoQskWezQ=",
      "requires": {
        "asap": "https://registry.npmjs.org/asap/-/asap-2.0.6.tgz"
      }
    },
    "object-assign": {
      "version": "https://registry.npmjs.org/object-assign/-/object-assign-4.1.1.tgz",
      "integrity": "sha1-IQmtx5ZYh8/AXLvUQsrIv7s2CGM="
    },
    "on-finished": {
      "version": "https://registry.npmjs.org/on-finished/-/on-finished-2.3.0.tgz",
      "integrity": "sha1-IPEzZIGwg811M3mSoWlxqi2QaUc=",
      "requires": {
        "ee-first": "https://registry.npmjs.org/ee-first/-/ee-first-1.1.1.tgz"
      }
    },
    "pause-stream": {
      "version": "https://registry.npmjs.org/pause-stream/-/pause-stream-0.0.11.tgz",
      "integrity": "sha1-/lo0sMvOErWqaitAPuLnO2AvFEU=",
      "requires": {
        "through": "https://registry.npmjs.org/through/-/through-2.3.8.tgz"
      }
    },
    "promisify-node": {
      "version": "https://registry.npmjs.org/promisify-node/-/promisify-node-0.4.0.tgz",
      "integrity": "sha1-MoA4dOxBF4TkeGwzmQKoeheaRpw=",
      "requires": {
        "nodegit-promise": "https://registry.npmjs.org/nodegit-promise/-/nodegit-promise-4.0.0.tgz",
        "object-assign": "https://registry.npmjs.org/object-assign/-/object-assign-4.1.1.tgz"
      }
    },
    "qs": {
      "version": "https://registry.npmjs.org/qs/-/qs-6.5.0.tgz",
      "integrity": "sha1-jQSVTTZN7z78VbWgeT4eLIsebkk="
    },
    "raw-body": {
      "version": "https://registry.npmjs.org/raw-body/-/raw-body-2.3.1.tgz",
      "integrity": "sha1-MPleKmehTi5EE9jVH92SyHfo8u0=",
      "requires": {
        "bytes": "https://registry.npmjs.org/bytes/-/bytes-3.0.0.tgz",
        "http-errors": "https://registry.npmjs.org/http-errors/-/http-errors-1.6.2.tgz",
        "iconv-lite": "https://registry.npmjs.org/iconv-lite/-/iconv-lite-0.4.18.tgz",
        "unpipe": "https://registry.npmjs.org/unpipe/-/unpipe-1.0.0.tgz"
      }
    },
    "safe-buffer": {
      "version": "https://registry.npmjs.org/safe-buffer/-/safe-buffer-5.1.1.tgz",
      "integrity": "sha1-iTMSr2myEj3vcfV4iQAWce6yyFM="
    },
    "setprototypeof": {
      "version": "https://registry.npmjs.org/setprototypeof/-/setprototypeof-1.0.3.tgz",
      "integrity": "sha1-ZlZ+NwQ+608E2RvWWMDL77VbjgQ="
    },
    "split": {
      "version": "https://registry.npmjs.org/split/-/split-0.3.3.tgz",
      "integrity": "sha1-zQ7qXmOiEd//frDwkcQTPi0N0o8=",
      "requires": {
        "through": "https://registry.npmjs.org/through/-/through-2.3.8.tgz"
      }
    },
    "statuses": {
      "version": "https://registry.npmjs.org/statuses/-/statuses-1.3.1.tgz",
      "integrity": "sha1-+vUbnrdKrvOzrPStX2Gr8ky3uT4="
    },
    "stream-combiner": {
      "version": "https://registry.npmjs.org/stream-combiner/-/stream-combiner-0.0.4.tgz",
      "integrity": "sha1-TV5DPBhSYd3mI8o/RMWGvPXErRQ=",
      "requires": {
        "duplexer": "https://registry.npmjs.org/duplexer/-/duplexer-0.1.1.tgz"
      }
    },
    "subscriptions-transport-ws": {
      "version": "https://registry.npmjs.org/subscriptions-transport-ws/-/subscriptions-transport-ws-0.8.3.tgz",
      "integrity": "sha1-1LItt/WVG9MOfG9NxHdNNO2fF1E=",
      "requires": {
        "backo2": "https://registry.npmjs.org/backo2/-/backo2-1.0.2.tgz",
        "eventemitter3": "https://registry.npmjs.org/eventemitter3/-/eventemitter3-2.0.3.tgz",
        "graphql-subscriptions": "https://registry.npmjs.org/graphql-subscriptions/-/graphql-subscriptions-0.4.4.tgz",
        "graphql-tag": "https://registry.npmjs.org/graphql-tag/-/graphql-tag-2.4.2.tgz",
        "iterall": "https://registry.npmjs.org/iterall/-/iterall-1.1.1.tgz",
        "lodash.assign": "https://registry.npmjs.org/lodash.assign/-/lodash.assign-4.2.0.tgz",
        "lodash.isobject": "https://registry.npmjs.org/lodash.isobject/-/lodash.isobject-3.0.2.tgz",
        "lodash.isstring": "https://registry.npmjs.org/lodash.isstring/-/lodash.isstring-4.0.1.tgz",
        "symbol-observable": "https://registry.npmjs.org/symbol-observable/-/symbol-observable-1.0.4.tgz",
        "ws": "https://registry.npmjs.org/ws/-/ws-3.1.0.tgz"
      }
    },
    "symbol-observable": {
      "version": "https://registry.npmjs.org/symbol-observable/-/symbol-observable-1.0.4.tgz",
      "integrity": "sha1-Kb9hXUqnEhvdiYsi1LP5vE4qoD0="
    },
    "through": {
      "version": "https://registry.npmjs.org/through/-/through-2.3.8.tgz",
      "integrity": "sha1-DdTJ/6q8NXlgsbckEV1+Doai4fU="
    },
    "type-is": {
      "version": "https://registry.npmjs.org/type-is/-/type-is-1.6.15.tgz",
      "integrity": "sha1-yrEPtJCeRByChC6v4a1kbIGARBA=",
      "requires": {
        "media-typer": "https://registry.npmjs.org/media-typer/-/media-typer-0.3.0.tgz",
        "mime-types": "https://registry.npmjs.org/mime-types/-/mime-types-2.1.17.tgz"
      }
    },
    "ultron": {
      "version": "https://registry.npmjs.org/ultron/-/ultron-1.1.0.tgz",
      "integrity": "sha1-sHoualQagV/Go0zNRTO67DB8qGQ="
    },
    "underscore": {
      "version": "https://registry.npmjs.org/underscore/-/underscore-1.8.3.tgz",
      "integrity": "sha1-Tz+1OxBuYJf8+ctBCfKl6b36UCI="
    },
    "unpipe": {
      "version": "https://registry.npmjs.org/unpipe/-/unpipe-1.0.0.tgz",
      "integrity": "sha1-sr9O6FFKrmFltIF4KdIbLvSZBOw="
    },
    "uuid": {
      "version": "https://registry.npmjs.org/uuid/-/uuid-3.1.0.tgz",
      "integrity": "sha1-PdPT55Crwk17DToDT/q6vijrvAQ="
    },
    "ws": {
      "version": "https://registry.npmjs.org/ws/-/ws-3.1.0.tgz",
      "integrity": "sha1-ivr+zeq0bVcuU5fuiAc5Nnqi9Bw=",
      "requires": {
        "safe-buffer": "https://registry.npmjs.org/safe-buffer/-/safe-buffer-5.1.1.tgz",
        "ultron": "https://registry.npmjs.org/ultron/-/ultron-1.1.0.tgz"
      }
    }
  }
}
